{
  "name": "mygcf",
  "version": "1.0.0",
  "lockfileVersion": 1,
  "requires": true,
  "dependencies": {
    "@example/blogpost-repo": {
      "version": "1.0.0",
      "resolved": "https://us-central1-npm.pkg.dev/coleleah-sofialeon/blogpost-repo/@example/blogpost-repo/-/@example/blogpost-repo-1.0.0.tgz",
      "integrity": "sha512-AYkR2iRuu4Kv17Ysv5mKOkGyAGKrJHHDVdnzdVj/3zl/BBawdEEDHZDTCpTGe6dtu/6ZV739uZrkVgMP4hrqVQ=="
    },
    "escape-html": {
      "version": "1.0.3",
      "resolved": "https://registry.npmjs.org/escape-html/-/escape-html-1.0.3.tgz",
      "integrity": "sha1-Aljq5NPQwJdN4cFpGI7wBR0dGYg="
    }
  }
}
